// !$*UTF8*$!
{
	archiveVersion = 1;
	classes = {
	};
	objectVersion = 50;
	objects = {

/* Begin PBXBuildFile section */
		291DFF4421A70D7B00624035 /* AppDelegate.swift in Sources */ = {isa = PBXBuildFile; fileRef = 291DFF4321A70D7B00624035 /* AppDelegate.swift */; };
		291DFF4621A70D7B00624035 /* RecordSoundViewController.swift in Sources */ = {isa = PBXBuildFile; fileRef = 291DFF4521A70D7B00624035 /* RecordSoundViewController.swift */; };
		291DFF4921A70D7B00624035 /* Main.storyboard in Resources */ = {isa = PBXBuildFile; fileRef = 291DFF4721A70D7B00624035 /* Main.storyboard */; };
		291DFF4B21A70D7E00624035 /* Assets.xcassets in Resources */ = {isa = PBXBuildFile; fileRef = 291DFF4A21A70D7E00624035 /* Assets.xcassets */; };
		291DFF4E21A70D7E00624035 /* LaunchScreen.storyboard in Resources */ = {isa = PBXBuildFile; fileRef = 291DFF4C21A70D7E00624035 /* LaunchScreen.storyboard */; };
		291DFF5921A70D7E00624035 /* PitchPerfectTests.swift in Sources */ = {isa = PBXBuildFile; fileRef = 291DFF5821A70D7E00624035 /* PitchPerfectTests.swift */; };
		291DFF6421A70D7F00624035 /* PitchPerfectUITests.swift in Sources */ = {isa = PBXBuildFile; fileRef = 291DFF6321A70D7F00624035 /* PitchPerfectUITests.swift */; };
		29E2F43621D3C52D0049C823 /* PlaySoundViewController.swift in Sources */ = {isa = PBXBuildFile; fileRef = 29E2F43521D3C52D0049C823 /* PlaySoundViewController.swift */; };
		29E2F43A21D3F9F00049C823 /* playsoundsviewcontroller-audio.swift in Sources */ = {isa = PBXBuildFile; fileRef = 29E2F43921D3F9F00049C823 /* playsoundsviewcontroller-audio.swift */; };
/* End PBXBuildFile section */

/* Begin PBXContainerItemProxy section */
		291DFF5521A70D7E00624035 /* PBXContainerItemProxy */ = {
			isa = PBXContainerItemProxy;
			containerPortal = 291DFF3821A70D7B00624035 /* Project object */;
			proxyType = 1;
			remoteGlobalIDString = 291DFF3F21A70D7B00624035;
			remoteInfo = PitchPerfect;
		};
		291DFF6021A70D7F00624035 /* PBXContainerItemProxy */ = {
			isa = PBXContainerItemProxy;
			containerPortal = 291DFF3821A70D7B00624035 /* Project object */;
			proxyType = 1;
			remoteGlobalIDString = 291DFF3F21A70D7B00624035;
			remoteInfo = PitchPerfect;
		};
/* End PBXContainerItemProxy section */

/* Begin PBXFileReference section */
		291DFF4021A70D7B00624035 /* PitchPerfect.app */ = {isa = PBXFileReference; explicitFileType = wrapper.application; includeInIndex = 0; path = PitchPerfect.app; sourceTree = BUILT_PRODUCTS_DIR; };
		291DFF4321A70D7B00624035 /* AppDelegate.swift */ = {isa = PBXFileReference; lastKnownFileType = sourcecode.swift; path = AppDelegate.swift; sourceTree = "<group>"; };
		291DFF4521A70D7B00624035 /* RecordSoundViewController.swift */ = {isa = PBXFileReference; lastKnownFileType = sourcecode.swift; path = RecordSoundViewController.swift; sourceTree = "<group>"; };
		291DFF4821A70D7B00624035 /* Base */ = {isa = PBXFileReference; lastKnownFileType = file.storyboard; name = Base; path = Base.lproj/Main.storyboard; sourceTree = "<group>"; };
		291DFF4A21A70D7E00624035 /* Assets.xcassets */ = {isa = PBXFileReference; lastKnownFileType = folder.assetcatalog; path = Assets.xcassets; sourceTree = "<group>"; };
		291DFF4D21A70D7E00624035 /* Base */ = {isa = PBXFileReference; lastKnownFileType = file.storyboard; name = Base; path = Base.lproj/LaunchScreen.storyboard; sourceTree = "<group>"; };
		291DFF4F21A70D7E00624035 /* Info.plist */ = {isa = PBXFileReference; lastKnownFileType = text.plist.xml; path = Info.plist; sourceTree = "<group>"; };
		291DFF5421A70D7E00624035 /* PitchPerfectTests.xctest */ = {isa = PBXFileReference; explicitFileType = wrapper.cfbundle; includeInIndex = 0; path = PitchPerfectTests.xctest; sourceTree = BUILT_PRODUCTS_DIR; };
		291DFF5821A70D7E00624035 /* PitchPerfectTests.swift */ = {isa = PBXFileReference; lastKnownFileType = sourcecode.swift; path = PitchPerfectTests.swift; sourceTree = "<group>"; };
		291DFF5A21A70D7E00624035 /* Info.plist */ = {isa = PBXFileReference; lastKnownFileType = text.plist.xml; path = Info.plist; sourceTree = "<group>"; };
		291DFF5F21A70D7F00624035 /* PitchPerfectUITests.xctest */ = {isa = PBXFileReference; explicitFileType = wrapper.cfbundle; includeInIndex = 0; path = PitchPerfectUITests.xctest; sourceTree = BUILT_PRODUCTS_DIR; };
		291DFF6321A70D7F00624035 /* PitchPerfectUITests.swift */ = {isa = PBXFileReference; lastKnownFileType = sourcecode.swift; path = PitchPerfectUITests.swift; sourceTree = "<group>"; };
		291DFF6521A70D7F00624035 /* Info.plist */ = {isa = PBXFileReference; lastKnownFileType = text.plist.xml; path = Info.plist; sourceTree = "<group>"; };
		29E2F43521D3C52D0049C823 /* PlaySoundViewController.swift */ = {isa = PBXFileReference; lastKnownFileType = sourcecode.swift; path = PlaySoundViewController.swift; sourceTree = "<group>"; };
		29E2F43921D3F9F00049C823 /* playsoundsviewcontroller-audio.swift */ = {isa = PBXFileReference; fileEncoding = 4; lastKnownFileType = sourcecode.swift; path = "playsoundsviewcontroller-audio.swift"; sourceTree = "<group>"; };
/* End PBXFileReference section */

/* Begin PBXFrameworksBuildPhase section */
		291DFF3D21A70D7B00624035 /* Frameworks */ = {
			isa = PBXFrameworksBuildPhase;
			buildActionMask = 2147483647;
			files = (
			);
			runOnlyForDeploymentPostprocessing = 0;
		};
		291DFF5121A70D7E00624035 /* Frameworks */ = {
			isa = PBXFrameworksBuildPhase;
			buildActionMask = 2147483647;
			files = (
			);
			runOnlyForDeploymentPostprocessing = 0;
		};
		291DFF5C21A70D7F00624035 /* Frameworks */ = {
			isa = PBXFrameworksBuildPhase;
			buildActionMask = 2147483647;
			files = (
			);
			runOnlyForDeploymentPostprocessing = 0;
		};
/* End PBXFrameworksBuildPhase section */

/* Begin PBXGroup section */
		291DFF3721A70D7B00624035 = {
			isa = PBXGroup;
			children = (
				291DFF4221A70D7B00624035 /* PitchPerfect */,
				291DFF5721A70D7E00624035 /* PitchPerfectTests */,
				291DFF6221A70D7F00624035 /* PitchPerfectUITests */,
				291DFF4121A70D7B00624035 /* Products */,
			);
			sourceTree = "<group>";
		};
		291DFF4121A70D7B00624035 /* Products */ = {
			isa = PBXGroup;
			children = (
				291DFF4021A70D7B00624035 /* PitchPerfect.app */,
				291DFF5421A70D7E00624035 /* PitchPerfectTests.xctest */,
				291DFF5F21A70D7F00624035 /* PitchPerfectUITests.xctest */,
			);
			name = Products;
			sourceTree = "<group>";
		};
		291DFF4221A70D7B00624035 /* PitchPerfect */ = {
			isa = PBXGroup;
			children = (
				291DFF4321A70D7B00624035 /* AppDelegate.swift */,
				291DFF4521A70D7B00624035 /* RecordSoundViewController.swift */,
				291DFF4721A70D7B00624035 /* Main.storyboard */,
				291DFF4A21A70D7E00624035 /* Assets.xcassets */,
				291DFF4C21A70D7E00624035 /* LaunchScreen.storyboard */,
				291DFF4F21A70D7E00624035 /* Info.plist */,
				29E2F43521D3C52D0049C823 /* PlaySoundViewController.swift */,
				29E2F43921D3F9F00049C823 /* playsoundsviewcontroller-audio.swift */,
			);
			path = PitchPerfect;
			sourceTree = "<group>";
		};
		291DFF5721A70D7E00624035 /* PitchPerfectTests */ = {
			isa = PBXGroup;
			children = (
				291DFF5821A70D7E00624035 /* PitchPerfectTests.swift */,
				291DFF5A21A70D7E00624035 /* Info.plist */,
			);
			path = PitchPerfectTests;
			sourceTree = "<group>";
		};
		291DFF6221A70D7F00624035 /* PitchPerfectUITests */ = {
			isa = PBXGroup;
			children = (
				291DFF6321A70D7F00624035 /* PitchPerfectUITests.swift */,
				291DFF6521A70D7F00624035 /* Info.plist */,
			);
			path = PitchPerfectUITests;
			sourceTree = "<group>";
		};
/* End PBXGroup section */

/* Begin PBXNativeTarget section */
		291DFF3F21A70D7B00624035 /* PitchPerfect */ = {
			isa = PBXNativeTarget;
			buildConfigurationList = 291DFF6821A70D7F00624035 /* Build configuration list for PBXNativeTarget "PitchPerfect" */;
			buildPhases = (
				291DFF3C21A70D7B00624035 /* Sources */,
				291DFF3D21A70D7B00624035 /* Frameworks */,
				291DFF3E21A70D7B00624035 /* Resources */,
			);
			buildRules = (
			);
			dependencies = (
			);
			name = PitchPerfect;
			productName = PitchPerfect;
			productReference = 291DFF4021A70D7B00624035 /* PitchPerfect.app */;
			productType = "com.apple.product-type.application";
		};
		291DFF5321A70D7E00624035 /* PitchPerfectTests */ = {
			isa = PBXNativeTarget;
			buildConfigurationList = 291DFF6B21A70D7F00624035 /* Build configuration list for PBXNativeTarget "PitchPerfectTests" */;
			buildPhases = (
				291DFF5021A70D7E00624035 /* Sources */,
				291DFF5121A70D7E00624035 /* Frameworks */,
				291DFF5221A70D7E00624035 /* Resources */,
			);
			buildRules = (
			);
			dependencies = (
				291DFF5621A70D7E00624035 /* PBXTargetDependency */,
			);
			name = PitchPerfectTests;
			productName = PitchPerfectTests;
			productReference = 291DFF5421A70D7E00624035 /* PitchPerfectTests.xctest */;
			productType = "com.apple.product-type.bundle.unit-test";
		};
		291DFF5E21A70D7F00624035 /* PitchPerfectUITests */ = {
			isa = PBXNativeTarget;
			buildConfigurationList = 291DFF6E21A70D7F00624035 /* Build configuration list for PBXNativeTarget "PitchPerfectUITests" */;
			buildPhases = (
				291DFF5B21A70D7F00624035 /* Sources */,
				291DFF5C21A70D7F00624035 /* Frameworks */,
				291DFF5D21A70D7F00624035 /* Resources */,
			);
			buildRules = (
			);
			dependencies = (
				291DFF6121A70D7F00624035 /* PBXTargetDependency */,
			);
			name = PitchPerfectUITests;
			productName = PitchPerfectUITests;
			productReference = 291DFF5F21A70D7F00624035 /* PitchPerfectUITests.xctest */;
			productType = "com.apple.product-type.bundle.ui-testing";
		};
/* End PBXNativeTarget section */

/* Begin PBXProject section */
		291DFF3821A70D7B00624035 /* Project object */ = {
			isa = PBXProject;
			attributes = {
				LastSwiftUpdateCheck = 1010;
				LastUpgradeCheck = 1010;
				ORGANIZATIONNAME = "Khaled H";
				TargetAttributes = {
					291DFF3F21A70D7B00624035 = {
						CreatedOnToolsVersion = 10.1;
					};
					291DFF5321A70D7E00624035 = {
						CreatedOnToolsVersion = 10.1;
						TestTargetID = 291DFF3F21A70D7B00624035;
					};
					291DFF5E21A70D7F00624035 = {
						CreatedOnToolsVersion = 10.1;
						TestTargetID = 291DFF3F21A70D7B00624035;
					};
				};
			};
			buildConfigurationList = 291DFF3B21A70D7B00624035 /* Build configuration list for PBXProject "PitchPerfect" */;
			compatibilityVersion = "Xcode 9.3";
			developmentRegion = en;
			hasScannedForEncodings = 0;
			knownRegions = (
				en,
				Base,
			);
			mainGroup = 291DFF3721A70D7B00624035;
			productRefGroup = 291DFF4121A70D7B00624035 /* Products */;
			projectDirPath = "";
			projectRoot = "";
			targets = (
				291DFF3F21A70D7B00624035 /* PitchPerfect */,
				291DFF5321A70D7E00624035 /* PitchPerfectTests */,
				291DFF5E21A70D7F00624035 /* PitchPerfectUITests */,
			);
		};
/* End PBXProject section */

/* Begin PBXResourcesBuildPhase section */
		291DFF3E21A70D7B00624035 /* Resources */ = {
			isa = PBXResourcesBuildPhase;
			buildActionMask = 2147483647;
			files = (
				291DFF4E21A70D7E00624035 /* LaunchScreen.storyboard in Resources */,
				291DFF4B21A70D7E00624035 /* Assets.xcassets in Resources */,
				291DFF4921A70D7B00624035 /* Main.storyboard in Resources */,
			);
			runOnlyForDeploymentPostprocessing = 0;
		};
		291DFF5221A70D7E00624035 /* Resources */ = {
			isa = PBXResourcesBuildPhase;
			buildActionMask = 2147483647;
			files = (
			);
			runOnlyForDeploymentPostprocessing = 0;
		};
		291DFF5D21A70D7F00624035 /* Resources */ = {
			isa = PBXResourcesBuildPhase;
			buildActionMask = 2147483647;
			files = (
			);
			runOnlyForDeploymentPostprocessing = 0;
		};
/* End PBXResourcesBuildPhase section */

/* Begin PBXSourcesBuildPhase section */
		291DFF3C21A70D7B00624035 /* Sources */ = {
			isa = PBXSourcesBuildPhase;
			buildActionMask = 2147483647;
			files = (
				291DFF4621A70D7B00624035 /* RecordSoundViewController.swift in Sources */,
				29E2F43621D3C52D0049C823 /* PlaySoundViewController.swift in Sources */,
				291DFF4421A70D7B00624035 /* AppDelegate.swift in Sources */,
				29E2F43A21D3F9F00049C823 /* playsoundsviewcontroller-audio.swift in Sources */,
			);
			runOnlyForDeploymentPostprocessing = 0;
		};
		291DFF5021A70D7E00624035 /* Sources */ = {
			isa = PBXSourcesBuildPhase;
			buildActionMask = 2147483647;
			files = (
				291DFF5921A70D7E00624035 /* PitchPerfectTests.swift in Sources */,
			);
			runOnlyForDeploymentPostprocessing = 0;
		};
		291DFF5B21A70D7F00624035 /* Sources */ = {
			isa = PBXSourcesBuildPhase;
			buildActionMask = 2147483647;
			files = (
				291DFF6421A70D7F00624035 /* PitchPerfectUITests.swift in Sources */,
			);
			runOnlyForDeploymentPostprocessing = 0;
		};
/* End PBXSourcesBuildPhase section */

/* Begin PBXTargetDependency section */
		291DFF5621A70D7E00624035 /* PBXTargetDependency */ = {
			isa = PBXTargetDependency;
			target = 291DFF3F21A70D7B00624035 /* PitchPerfect */;
			targetProxy = 291DFF5521A70D7E00624035 /* PBXContainerItemProxy */;
		};
		291DFF6121A70D7F00624035 /* PBXTargetDependency */ = {
			isa = PBXTargetDependency;
			target = 291DFF3F21A70D7B00624035 /* PitchPerfect */;
			targetProxy = 291DFF6021A70D7F00624035 /* PBXContainerItemProxy */;
		};
/* End PBXTargetDependency section */

/* Begin PBXVariantGroup section */
		291DFF4721A70D7B00624035 /* Main.storyboard */ = {
			isa = PBXVariantGroup;
			children = (
				291DFF4821A70D7B00624035 /* Base */,
			);
			name = Main.storyboard;
			sourceTree = "<group>";
		};
		291DFF4C21A70D7E00624035 /* LaunchScreen.storyboard */ = {
			isa = PBXVariantGroup;
			children = (
				291DFF4D21A70D7E00624035 /* Base */,
			);
			name = LaunchScreen.storyboard;
			sourceTree = "<group>";
		};
/* End PBXVariantGroup section */

/* Begin XCBuildConfiguration section */
		291DFF6621A70D7F00624035 /* Debug */ = {
			isa = XCBuildConfiguration;
			buildSettings = {
				ALWAYS_SEARCH_USER_PATHS = NO;
				CLANG_ANALYZER_NONNULL = YES;
				CLANG_ANALYZER_NUMBER_OBJECT_CONVERSION = YES_AGGRESSIVE;
				CLANG_CXX_LANGUAGE_STANDARD = "gnu++14";
				CLANG_CXX_LIBRARY = "libc++";
				CLANG_ENABLE_MODULES = YES;
				CLANG_ENABLE_OBJC_ARC = YES;
				CLANG_ENABLE_OBJC_WEAK = YES;
				CLANG_WARN_BLOCK_CAPTURE_AUTORELEASING = YES;
				CLANG_WARN_BOOL_CONVERSION = YES;
				CLANG_WARN_COMMA = YES;
				CLANG_WARN_CONSTANT_CONVERSION = YES;
				CLANG_WARN_DEPRECATED_OBJC_IMPLEMENTATIONS = YES;
				CLANG_WARN_DIRECT_OBJC_ISA_USAGE = YES_ERROR;
				CLANG_WARN_DOCUMENTATION_COMMENTS = YES;
				CLANG_WARN_EMPTY_BODY = YES;
				CLANG_WARN_ENUM_CONVERSION = YES;
				CLANG_WARN_INFINITE_RECURSION = YES;
				CLANG_WARN_INT_CONVERSION = YES;
				CLANG_WARN_NON_LITERAL_NULL_CONVERSION = YES;
				CLANG_WARN_OBJC_IMPLICIT_RETAIN_SELF = YES;
				CLANG_WARN_OBJC_LITERAL_CONVERSION = YES;
				CLANG_WARN_OBJC_ROOT_CLASS = YES_ERROR;
				CLANG_WARN_RANGE_LOOP_ANALYSIS = YES;
				CLANG_WARN_STRICT_PROTOTYPES = YES;
				CLANG_WARN_SUSPICIOUS_MOVE = YES;
				CLANG_WARN_UNGUARDED_AVAILABILITY = YES_AGGRESSIVE;
				CLANG_WARN_UNREACHABLE_CODE = YES;
				CLANG_WARN__DUPLICATE_METHOD_MATCH = YES;
				CODE_SIGN_IDENTITY = "iPhone Developer";
				COPY_PHASE_STRIP = NO;
				DEBUG_INFORMATION_FORMAT = dwarf;
				ENABLE_STRICT_OBJC_MSGSEND = YES;
				ENABLE_TESTABILITY = YES;
				GCC_C_LANGUAGE_STANDARD = gnu11;
				GCC_DYNAMIC_NO_PIC = NO;
				GCC_NO_COMMON_BLOCKS = YES;
				GCC_OPTIMIZATION_LEVEL = 0;
				GCC_PREPROCESSOR_DEFINITIONS = (
					"DEBUG=1",
					"$(inherited)",
				);
				GCC_WARN_64_TO_32_BIT_CONVERSION = YES;
				GCC_WARN_ABOUT_RETURN_TYPE = YES_ERROR;
				GCC_WARN_UNDECLARED_SELECTOR = YES;
				GCC_WARN_UNINITIALIZED_AUTOS = YES_AGGRESSIVE;
				GCC_WARN_UNUSED_FUNCTION = YES;
				GCC_WARN_UNUSED_VARIABLE = YES;
				IPHONEOS_DEPLOYMENT_TARGET = 12.1;
				MTL_ENABLE_DEBUG_INFO = INCLUDE_SOURCE;
				MTL_FAST_MATH = YES;
				ONLY_ACTIVE_ARCH = YES;
				SDKROOT = iphoneos;
				SWIFT_ACTIVE_COMPILATION_CONDITIONS = DEBUG;
				SWIFT_OPTIMIZATION_LEVEL = "-Onone";
			};
			name = Debug;
		};
		291DFF6721A70D7F00624035 /* Release */ = {
			isa = XCBuildConfiguration;
			buildSettings = {
				ALWAYS_SEARCH_USER_PATHS = NO;
				CLANG_ANALYZER_NONNULL = YES;
				CLANG_ANALYZER_NUMBER_OBJECT_CONVERSION = YES_AGGRESSIVE;
				CLANG_CXX_LANGUAGE_STANDARD = "gnu++14";
				CLANG_CXX_LIBRARY = "libc++";
				CLANG_ENABLE_MODULES = YES;
				CLANG_ENABLE_OBJC_ARC = YES;
				CLANG_ENABLE_OBJC_WEAK = YES;
				CLANG_WARN_BLOCK_CAPTURE_AUTORELEASING = YES;
				CLANG_WARN_BOOL_CONVERSION = YES;
				CLANG_WARN_COMMA = YES;
				CLANG_WARN_CONSTANT_CONVERSION = YES;
				CLANG_WARN_DEPRECATED_OBJC_IMPLEMENTATIONS = YES;
				CLANG_WARN_DIRECT_OBJC_ISA_USAGE = YES_ERROR;
				CLANG_WARN_DOCUMENTATION_COMMENTS = YES;
				CLANG_WARN_EMPTY_BODY = YES;
				CLANG_WARN_ENUM_CONVERSION = YES;
				CLANG_WARN_INFINITE_RECURSION = YES;
				CLANG_WARN_INT_CONVERSION = YES;
				CLANG_WARN_NON_LITERAL_NULL_CONVERSION = YES;
				CLANG_WARN_OBJC_IMPLICIT_RETAIN_SELF = YES;
				CLANG_WARN_OBJC_LITERAL_CONVERSION = YES;
				CLANG_WARN_OBJC_ROOT_CLASS = YES_ERROR;
				CLANG_WARN_RANGE_LOOP_ANALYSIS = YES;
				CLANG_WARN_STRICT_PROTOTYPES = YES;
				CLANG_WARN_SUSPICIOUS_MOVE = YES;
				CLANG_WARN_UNGUARDED_AVAILABILITY = YES_AGGRESSIVE;
				CLANG_WARN_UNREACHABLE_CODE = YES;
				CLANG_WARN__DUPLICATE_METHOD_MATCH = YES;
				CODE_SIGN_IDENTITY = "iPhone Developer";
				COPY_PHASE_STRIP = NO;
				DEBUG_INFORMATION_FORMAT = "dwarf-with-dsym";
				ENABLE_NS_ASSERTIONS = NO;
				ENABLE_STRICT_OBJC_MSGSEND = YES;
				GCC_C_LANGUAGE_STANDARD = gnu11;
				GCC_NO_COMMON_BLOCKS = YES;
				GCC_WARN_64_TO_32_BIT_CONVERSION = YES;
				GCC_WARN_ABOUT_RETURN_TYPE = YES_ERROR;
				GCC_WARN_UNDECLARED_SELECTOR = YES;
				GCC_WARN_UNINITIALIZED_AUTOS = YES_AGGRESSIVE;
				GCC_WARN_UNUSED_FUNCTION = YES;
				GCC_WARN_UNUSED_VARIABLE = YES;
				IPHONEOS_DEPLOYMENT_TARGET = 12.1;
				MTL_ENABLE_DEBUG_INFO = NO;
				MTL_FAST_MATH = YES;
				SDKROOT = iphoneos;
				SWIFT_COMPILATION_MODE = wholemodule;
				SWIFT_OPTIMIZATION_LEVEL = "-O";
				VALIDATE_PRODUCT = YES;
			};
			name = Release;
		};
		291DFF6921A70D7F00624035 /* Debug */ = {
			isa = XCBuildConfiguration;
			buildSettings = {
				ASSETCATALOG_COMPILER_APPICON_NAME = AppIcon;
				CODE_SIGN_STYLE = Automatic;
				DEVELOPMENT_TEAM = WNQXTPYNXK;
				INFOPLIST_FILE = PitchPerfect/Info.plist;
				LD_RUNPATH_SEARCH_PATHS = (
					"$(inherited)",
					"@executable_path/Frameworks",
				);
				PRODUCT_BUNDLE_IDENTIFIER = khaled.PitchPerfect;
				PRODUCT_NAME = "$(TARGET_NAME)";
				SWIFT_VERSION = 4.2;
				TARGETED_DEVICE_FAMILY = "1,2";
			};
			name = Debug;
		};
		291DFF6A21A70D7F00624035 /* Release */ = {
			isa = XCBuildConfiguration;
			buildSettings = {
				ASSETCATALOG_COMPILER_APPICON_NAME = AppIcon;
				CODE_SIGN_STYLE = Automatic;
				DEVELOPMENT_TEAM = WNQXTPYNXK;
				INFOPLIST_FILE = PitchPerfect/Info.plist;
				LD_RUNPATH_SEARCH_PATHS = (
					"$(inherited)",
					"@executable_path/Frameworks",
				);
				PRODUCT_BUNDLE_IDENTIFIER = khaled.PitchPerfect;
				PRODUCT_NAME = "$(TARGET_NAME)";
				SWIFT_VERSION = 4.2;
				TARGETED_DEVICE_FAMILY = "1,2";
			};
			name = Release;
		};
		291DFF6C21A70D7F00624035 /* Debug */ = {
			isa = XCBuildConfiguration;
			buildSettings = {
				ALWAYS_EMBED_SWIFT_STANDARD_LIBRARIES = YES;
				BUNDLE_LOADER = "$(TEST_HOST)";
				CODE_SIGN_STYLE = Automatic;
				INFOPLIST_FILE = PitchPerfectTests/Info.plist;
				LD_RUNPATH_SEARCH_PATHS = (
					"$(inherited)",
					"@executable_path/Frameworks",
					"@loader_path/Frameworks",
				);
				PRODUCT_BUNDLE_IDENTIFIER = khaled.PitchPerfectTests;
				PRODUCT_NAME = "$(TARGET_NAME)";
				SWIFT_VERSION = 4.2;
				TARGETED_DEVICE_FAMILY = "1,2";
				TEST_HOST = "$(BUILT_PRODUCTS_DIR)/PitchPerfect.app/PitchPerfect";
			};
			name = Debug;
		};
		291DFF6D21A70D7F00624035 /* Release */ = {
			isa = XCBuildConfiguration;
			buildSettings = {
				ALWAYS_EMBED_SWIFT_STANDARD_LIBRARIES = YES;
				BUNDLE_LOADER = "$(TEST_HOST)";
				CODE_SIGN_STYLE = Automatic;
				INFOPLIST_FILE = PitchPerfectTests/Info.plist;
				LD_RUNPATH_SEARCH_PATHS = (
					"$(inherited)",
					"@executable_path/Frameworks",
					"@loader_path/Frameworks",
				);
				PRODUCT_BUNDLE_IDENTIFIER = khaled.PitchPerfectTests;
				PRODUCT_NAME = "$(TARGET_NAME)";
				SWIFT_VERSION = 4.2;
				TARGETED_DEVICE_FAMILY = "1,2";
				TEST_HOST = "$(BUILT_PRODUCTS_DIR)/PitchPerfect.app/PitchPerfect";
			};
			name = Release;
		};
		291DFF6F21A70D7F00624035 /* Debug */ = {
			isa = XCBuildConfiguration;
			buildSettings = {
				ALWAYS_EMBED_SWIFT_STANDARD_LIBRARIES = YES;
				CODE_SIGN_STYLE = Automatic;
				INFOPLIST_FILE = PitchPerfectUITests/Info.plist;
				LD_RUNPATH_SEARCH_PATHS = (
					"$(inherited)",
					"@executable_path/Frameworks",
					"@loader_path/Frameworks",
				);
				PRODUCT_BUNDLE_IDENTIFIER = khaled.PitchPerfectUITests;
				PRODUCT_NAME = "$(TARGET_NAME)";
				SWIFT_VERSION = 4.2;
				TARGETED_DEVICE_FAMILY = "1,2";
				TEST_TARGET_NAME = PitchPerfect;
			};
			name = Debug;
		};
		291DFF7021A70D7F00624035 /* Release */ = {
			isa = XCBuildConfiguration;
			buildSettings = {
				ALWAYS_EMBED_SWIFT_STANDARD_LIBRARIES = YES;
				CODE_SIGN_STYLE = Automatic;
				INFOPLIST_FILE = PitchPerfectUITests/Info.plist;
				LD_RUNPATH_SEARCH_PATHS = (
					"$(inherited)",
					"@executable_path/Frameworks",
					"@loader_path/Frameworks",
				);
				PRODUCT_BUNDLE_IDENTIFIER = khaled.PitchPerfectUITests;
				PRODUCT_NAME = "$(TARGET_NAME)";
				SWIFT_VERSION = 4.2;
				TARGETED_DEVICE_FAMILY = "1,2";
				TEST_TARGET_NAME = PitchPerfect;
			};
			name = Release;
		};
/* End XCBuildConfiguration section */

/* Begin XCConfigurationList section */
		291DFF3B21A70D7B00624035 /* Build configuration list for PBXProject "PitchPerfect" */ = {
			isa = XCConfigurationList;
			buildConfigurations = (
				291DFF6621A70D7F00624035 /* Debug */,
				291DFF6721A70D7F00624035 /* Release */,
			);
			defaultConfigurationIsVisible = 0;
			defaultConfigurationName = Release;
		};
		291DFF6821A70D7F00624035 /* Build configuration list for PBXNativeTarget "PitchPerfect" */ = {
			isa = XCConfigurationList;
			buildConfigurations = (
				291DFF6921A70D7F00624035 /* Debug */,
				291DFF6A21A70D7F00624035 /* Release */,
			);
			defaultConfigurationIsVisible = 0;
			defaultConfigurationName = Release;
		};
		291DFF6B21A70D7F00624035 /* Build configuration list for PBXNativeTarget "PitchPerfectTests" */ = {
			isa = XCConfigurationList;
			buildConfigurations = (
				291DFF6C21A70D7F00624035 /* Debug */,
				291DFF6D21A70D7F00624035 /* Release */,
			);
			defaultConfigurationIsVisible = 0;
			defaultConfigurationName = Release;
		};
		291DFF6E21A70D7F00624035 /* Build configuration list for PBXNativeTarget "PitchPerfectUITests" */ = {
			isa = XCConfigurationList;
			buildConfigurations = (
				291DFF6F21A70D7F00624035 /* Debug */,
				291DFF7021A70D7F00624035 /* Release */,
			);
			defaultConfigurationIsVisible = 0;
			defaultConfigurationName = Release;
		};
/* End XCConfigurationList section */
	};
	rootObject = 291DFF3821A70D7B00624035 /* Project object */;
}
